
Microsoft Visual Studio Solution File, Format Version 12.00
# Visual Studio Version 17
VisualStudioVersion = 17.11.35327.3
MinimumVisualStudioVersion = 10.0.40219.1
Project("{FAE04EC0-301F-11D3-BF4B-00C04F79EFBC}") = "WebApplicationDepenInje", "WebApplicationDepenInje\WebApplicationDepenInje.csproj", "{96B8E920-0745-44F3-BF6A-D08A4DD23BBD}"
EndProject
Global
	GlobalSection(SolutionConfigurationPlatforms) = preSolution
		Debug|Any CPU = Debug|Any CPU
		Release|Any CPU = Release|Any CPU
	EndGlobalSection
	GlobalSection(ProjectConfigurationPlatforms) = postSolution
		{96B8E920-0745-44F3-BF6A-D08A4DD23BBD}.Debug|Any CPU.ActiveCfg = Debug|Any CPU
		{96B8E920-0745-44F3-BF6A-D08A4DD23BBD}.Debug|Any CPU.Build.0 = Debug|Any CPU
		{96B8E920-0745-44F3-BF6A-D08A4DD23BBD}.Release|Any CPU.ActiveCfg = Release|Any CPU
		{96B8E920-0745-44F3-BF6A-D08A4DD23BBD}.Release|Any CPU.Build.0 = Release|Any CPU
	EndGlobalSection
	GlobalSection(SolutionProperties) = preSolution
		HideSolutionNode = FALSE
	EndGlobalSection
	GlobalSection(ExtensibilityGlobals) = postSolution
		SolutionGuid = {4D613A12-9DC8-440F-8CD5-2B11E2153CCF}
	EndGlobalSection
EndGlobal
